// !$*UTF8*$!
{
	archiveVersion = 1;
	classes = {
	};
	objectVersion = 51;
	objects = {

/* Begin PBXBuildFile section */
		4CEFA241E083779232A859FC /* libPods-Res Project.a in Frameworks */ = {isa = PBXBuildFile; fileRef = CCC9B96AFDB04E330B264780 /* libPods-Res Project.a */; };
		D35E549C23DBD081006809BA /* AppDelegate.swift in Sources */ = {isa = PBXBuildFile; fileRef = D35E549B23DBD081006809BA /* AppDelegate.swift */; };
		D35E549E23DBD081006809BA /* SceneDelegate.swift in Sources */ = {isa = PBXBuildFile; fileRef = D35E549D23DBD081006809BA /* SceneDelegate.swift */; };
		D35E54A023DBD081006809BA /* ViewController.swift in Sources */ = {isa = PBXBuildFile; fileRef = D35E549F23DBD081006809BA /* ViewController.swift */; };
		D35E54A323DBD081006809BA /* Main.storyboard in Resources */ = {isa = PBXBuildFile; fileRef = D35E54A123DBD081006809BA /* Main.storyboard */; };
		D35E54A523DBD088006809BA /* Assets.xcassets in Resources */ = {isa = PBXBuildFile; fileRef = D35E54A423DBD088006809BA /* Assets.xcassets */; };
		D35E54A823DBD088006809BA /* LaunchScreen.storyboard in Resources */ = {isa = PBXBuildFile; fileRef = D35E54A623DBD088006809BA /* LaunchScreen.storyboard */; };
		D35E54B023DBD0B9006809BA /* Podfile in Resources */ = {isa = PBXBuildFile; fileRef = D35E54AF23DBD0B9006809BA /* Podfile */; };
/* End PBXBuildFile section */

/* Begin PBXFileReference section */
		0FC33444EF5E3B4DFD264E99 /* Pods-Res Project.release.xcconfig */ = {isa = PBXFileReference; includeInIndex = 1; lastKnownFileType = text.xcconfig; name = "Pods-Res Project.release.xcconfig"; path = "Target Support Files/Pods-Res Project/Pods-Res Project.release.xcconfig"; sourceTree = "<group>"; };
		CCC9B96AFDB04E330B264780 /* libPods-Res Project.a */ = {isa = PBXFileReference; explicitFileType = archive.ar; includeInIndex = 0; path = "libPods-Res Project.a"; sourceTree = BUILT_PRODUCTS_DIR; };
		D3125EF623DBED4300ED605B /* NYPD_Complaint_Data_Historic.csv */ = {isa = PBXFileReference; lastKnownFileType = file; name = NYPD_Complaint_Data_Historic.csv; path = Data/NYPD_Complaint_Data_Historic.csv; sourceTree = "<group>"; };
		D35E549823DBD081006809BA /* Res Project.app */ = {isa = PBXFileReference; explicitFileType = wrapper.application; includeInIndex = 0; path = "Res Project.app"; sourceTree = BUILT_PRODUCTS_DIR; };
		D35E549B23DBD081006809BA /* AppDelegate.swift */ = {isa = PBXFileReference; lastKnownFileType = sourcecode.swift; path = AppDelegate.swift; sourceTree = "<group>"; };
		D35E549D23DBD081006809BA /* SceneDelegate.swift */ = {isa = PBXFileReference; lastKnownFileType = sourcecode.swift; path = SceneDelegate.swift; sourceTree = "<group>"; };
		D35E549F23DBD081006809BA /* ViewController.swift */ = {isa = PBXFileReference; lastKnownFileType = sourcecode.swift; path = ViewController.swift; sourceTree = "<group>"; };
		D35E54A223DBD081006809BA /* Base */ = {isa = PBXFileReference; lastKnownFileType = file.storyboard; name = Base; path = Base.lproj/Main.storyboard; sourceTree = "<group>"; };
		D35E54A423DBD088006809BA /* Assets.xcassets */ = {isa = PBXFileReference; lastKnownFileType = folder.assetcatalog; path = Assets.xcassets; sourceTree = "<group>"; };
		D35E54A723DBD088006809BA /* Base */ = {isa = PBXFileReference; lastKnownFileType = file.storyboard; name = Base; path = Base.lproj/LaunchScreen.storyboard; sourceTree = "<group>"; };
		D35E54A923DBD088006809BA /* Info.plist */ = {isa = PBXFileReference; lastKnownFileType = text.plist.xml; path = Info.plist; sourceTree = "<group>"; };
		D35E54AF23DBD0B9006809BA /* Podfile */ = {isa = PBXFileReference; lastKnownFileType = text; path = Podfile; sourceTree = "<group>"; xcLanguageSpecificationIdentifier = xcode.lang.ruby; };
		E0337D7113E70485553B7B0B /* Pods-Res Project.debug.xcconfig */ = {isa = PBXFileReference; includeInIndex = 1; lastKnownFileType = text.xcconfig; name = "Pods-Res Project.debug.xcconfig"; path = "Target Support Files/Pods-Res Project/Pods-Res Project.debug.xcconfig"; sourceTree = "<group>"; };
/* End PBXFileReference section */

/* Begin PBXFrameworksBuildPhase section */
		D35E549523DBD081006809BA /* Frameworks */ = {
			isa = PBXFrameworksBuildPhase;
			buildActionMask = 2147483647;
			files = (
				4CEFA241E083779232A859FC /* libPods-Res Project.a in Frameworks */,
			);
			runOnlyForDeploymentPostprocessing = 0;
		};
/* End PBXFrameworksBuildPhase section */

/* Begin PBXGroup section */
		9EF3D87706F77069E9C65D11 /* Frameworks */ = {
			isa = PBXGroup;
			children = (
				CCC9B96AFDB04E330B264780 /* libPods-Res Project.a */,
			);
			name = Frameworks;
			sourceTree = "<group>";
		};
		A9F8EAB5568EE0B72BE40B43 /* Pods */ = {
			isa = PBXGroup;
			children = (
				E0337D7113E70485553B7B0B /* Pods-Res Project.debug.xcconfig */,
				0FC33444EF5E3B4DFD264E99 /* Pods-Res Project.release.xcconfig */,
			);
			path = Pods;
			sourceTree = "<group>";
		};
		D3125EF423DBED1100ED605B /* Data */ = {
			isa = PBXGroup;
			children = (
			);
			path = Data;
			sourceTree = "<group>";
		};
		D35E548F23DBD081006809BA = {
			isa = PBXGroup;
			children = (
				D35E54AF23DBD0B9006809BA /* Podfile */,
				D3125EF623DBED4300ED605B /* NYPD_Complaint_Data_Historic.csv */,
				D3125EF423DBED1100ED605B /* Data */,
				D35E549A23DBD081006809BA /* Res Project */,
				D35E549923DBD081006809BA /* Products */,
				A9F8EAB5568EE0B72BE40B43 /* Pods */,
				9EF3D87706F77069E9C65D11 /* Frameworks */,
			);
			sourceTree = "<group>";
		};
		D35E549923DBD081006809BA /* Products */ = {
			isa = PBXGroup;
			children = (
				D35E549823DBD081006809BA /* Res Project.app */,
			);
			name = Products;
			sourceTree = "<group>";
		};
		D35E549A23DBD081006809BA /* Res Project */ = {
			isa = PBXGroup;
			children = (
				D35E549B23DBD081006809BA /* AppDelegate.swift */,
				D35E549D23DBD081006809BA /* SceneDelegate.swift */,
				D35E549F23DBD081006809BA /* ViewController.swift */,
				D35E54A123DBD081006809BA /* Main.storyboard */,
				D35E54A423DBD088006809BA /* Assets.xcassets */,
				D35E54A623DBD088006809BA /* LaunchScreen.storyboard */,
				D35E54A923DBD088006809BA /* Info.plist */,
			);
			path = "Res Project";
			sourceTree = "<group>";
		};
/* End PBXGroup section */

/* Begin PBXNativeTarget section */
		D35E549723DBD081006809BA /* Res Project */ = {
			isa = PBXNativeTarget;
			buildConfigurationList = D35E54AC23DBD088006809BA /* Build configuration list for PBXNativeTarget "Res Project" */;
			buildPhases = (
				66C131F1F8FDE03546AC6260 /* [CP] Check Pods Manifest.lock */,
				D35E549423DBD081006809BA /* Sources */,
				D35E549523DBD081006809BA /* Frameworks */,
				D35E549623DBD081006809BA /* Resources */,
				8031125FBC5CCAA43FA55D96 /* [CP] Copy Pods Resources */,
			);
			buildRules = (
			);
			dependencies = (
			);
			name = "Res Project";
			productName = "Res Project";
			productReference = D35E549823DBD081006809BA /* Res Project.app */;
			productType = "com.apple.product-type.application";
		};
/* End PBXNativeTarget section */

/* Begin PBXProject section */
		D35E549023DBD081006809BA /* Project object */ = {
			isa = PBXProject;
			attributes = {
				LastSwiftUpdateCheck = 1130;
				LastUpgradeCheck = 1130;
				ORGANIZATIONNAME = Brian;
				TargetAttributes = {
					D35E549723DBD081006809BA = {
						CreatedOnToolsVersion = 11.3.1;
					};
				};
			};
			buildConfigurationList = D35E549323DBD081006809BA /* Build configuration list for PBXProject "Res Project" */;
			compatibilityVersion = "Xcode 9.3";
			developmentRegion = en;
			hasScannedForEncodings = 0;
			knownRegions = (
				en,
				Base,
			);
			mainGroup = D35E548F23DBD081006809BA;
			productRefGroup = D35E549923DBD081006809BA /* Products */;
			projectDirPath = "";
			projectRoot = "";
			targets = (
				D35E549723DBD081006809BA /* Res Project */,
			);
		};
/* End PBXProject section */

/* Begin PBXResourcesBuildPhase section */
		D35E549623DBD081006809BA /* Resources */ = {
			isa = PBXResourcesBuildPhase;
			buildActionMask = 2147483647;
			files = (
				D35E54A823DBD088006809BA /* LaunchScreen.storyboard in Resources */,
				D35E54A523DBD088006809BA /* Assets.xcassets in Resources */,
				D35E54B023DBD0B9006809BA /* Podfile in Resources */,
				D35E54A323DBD081006809BA /* Main.storyboard in Resources */,
			);
			runOnlyForDeploymentPostprocessing = 0;
		};
/* End PBXResourcesBuildPhase section */

/* Begin PBXShellScriptBuildPhase section */
		66C131F1F8FDE03546AC6260 /* [CP] Check Pods Manifest.lock */ = {
			isa = PBXShellScriptBuildPhase;
			buildActionMask = 2147483647;
			files = (
			);
			inputFileListPaths = (
			);
			inputPaths = (
				"${PODS_PODFILE_DIR_PATH}/Podfile.lock",
				"${PODS_ROOT}/Manifest.lock",
			);
			name = "[CP] Check Pods Manifest.lock";
			outputFileListPaths = (
			);
			outputPaths = (
				"$(DERIVED_FILE_DIR)/Pods-Res Project-checkManifestLockResult.txt",
			);
			runOnlyForDeploymentPostprocessing = 0;
			shellPath = /bin/sh;
			shellScript = "diff \"${PODS_PODFILE_DIR_PATH}/Podfile.lock\" \"${PODS_ROOT}/Manifest.lock\" > /dev/null\nif [ $? != 0 ] ; then\n    # print error to STDERR\n    echo \"error: The sandbox is not in sync with the Podfile.lock. Run 'pod install' or update your CocoaPods installation.\" >&2\n    exit 1\nfi\n# This output is used by Xcode 'outputs' to avoid re-running this script phase.\necho \"SUCCESS\" > \"${SCRIPT_OUTPUT_FILE_0}\"\n";
			showEnvVarsInLog = 0;
		};
		8031125FBC5CCAA43FA55D96 /* [CP] Copy Pods Resources */ = {
			isa = PBXShellScriptBuildPhase;
			buildActionMask = 2147483647;
			files = (
			);
			inputFileListPaths = (
				"${PODS_ROOT}/Target Support Files/Pods-Res Project/Pods-Res Project-resources-${CONFIGURATION}-input-files.xcfilelist",
			);
			name = "[CP] Copy Pods Resources";
			outputFileListPaths = (
				"${PODS_ROOT}/Target Support Files/Pods-Res Project/Pods-Res Project-resources-${CONFIGURATION}-output-files.xcfilelist",
			);
			runOnlyForDeploymentPostprocessing = 0;
			shellPath = /bin/sh;
			shellScript = "\"${PODS_ROOT}/Target Support Files/Pods-Res Project/Pods-Res Project-resources.sh\"\n";
			showEnvVarsInLog = 0;
		};
/* End PBXShellScriptBuildPhase section */

/* Begin PBXSourcesBuildPhase section */
		D35E549423DBD081006809BA /* Sources */ = {
			isa = PBXSourcesBuildPhase;
			buildActionMask = 2147483647;
			files = (
				D35E54A023DBD081006809BA /* ViewController.swift in Sources */,
				D35E549C23DBD081006809BA /* AppDelegate.swift in Sources */,
				D35E549E23DBD081006809BA /* SceneDelegate.swift in Sources */,
			);
			runOnlyForDeploymentPostprocessing = 0;
		};
/* End PBXSourcesBuildPhase section */

/* Begin PBXVariantGroup section */
		D35E54A123DBD081006809BA /* Main.storyboard */ = {
			isa = PBXVariantGroup;
			children = (
				D35E54A223DBD081006809BA /* Base */,
			);
			name = Main.storyboard;
			sourceTree = "<group>";
		};
		D35E54A623DBD088006809BA /* LaunchScreen.storyboard */ = {
			isa = PBXVariantGroup;
			children = (
				D35E54A723DBD088006809BA /* Base */,
			);
			name = LaunchScreen.storyboard;
			sourceTree = "<group>";
		};
/* End PBXVariantGroup section */

/* Begin XCBuildConfiguration section */
		D35E54AA23DBD088006809BA /* Debug */ = {
			isa = XCBuildConfiguration;
			buildSettings = {
				ALWAYS_SEARCH_USER_PATHS = NO;
				CLANG_ANALYZER_NONNULL = YES;
				CLANG_ANALYZER_NUMBER_OBJECT_CONVERSION = YES_AGGRESSIVE;
				CLANG_CXX_LANGUAGE_STANDARD = "gnu++14";
				CLANG_CXX_LIBRARY = "libc++";
				CLANG_ENABLE_MODULES = YES;
				CLANG_ENABLE_OBJC_ARC = YES;
				CLANG_ENABLE_OBJC_WEAK = YES;
				CLANG_WARN_BLOCK_CAPTURE_AUTORELEASING = YES;
				CLANG_WARN_BOOL_CONVERSION = YES;
				CLANG_WARN_COMMA = YES;
				CLANG_WARN_CONSTANT_CONVERSION = YES;
				CLANG_WARN_DEPRECATED_OBJC_IMPLEMENTATIONS = YES;
				CLANG_WARN_DIRECT_OBJC_ISA_USAGE = YES_ERROR;
				CLANG_WARN_DOCUMENTATION_COMMENTS = YES;
				CLANG_WARN_EMPTY_BODY = YES;
				CLANG_WARN_ENUM_CONVERSION = YES;
				CLANG_WARN_INFINITE_RECURSION = YES;
				CLANG_WARN_INT_CONVERSION = YES;
				CLANG_WARN_NON_LITERAL_NULL_CONVERSION = YES;
				CLANG_WARN_OBJC_IMPLICIT_RETAIN_SELF = YES;
				CLANG_WARN_OBJC_LITERAL_CONVERSION = YES;
				CLANG_WARN_OBJC_ROOT_CLASS = YES_ERROR;
				CLANG_WARN_RANGE_LOOP_ANALYSIS = YES;
				CLANG_WARN_STRICT_PROTOTYPES = YES;
				CLANG_WARN_SUSPICIOUS_MOVE = YES;
				CLANG_WARN_UNGUARDED_AVAILABILITY = YES_AGGRESSIVE;
				CLANG_WARN_UNREACHABLE_CODE = YES;
				CLANG_WARN__DUPLICATE_METHOD_MATCH = YES;
				COPY_PHASE_STRIP = NO;
				DEBUG_INFORMATION_FORMAT = dwarf;
				ENABLE_STRICT_OBJC_MSGSEND = YES;
				ENABLE_TESTABILITY = YES;
				GCC_C_LANGUAGE_STANDARD = gnu11;
				GCC_DYNAMIC_NO_PIC = NO;
				GCC_NO_COMMON_BLOCKS = YES;
				GCC_OPTIMIZATION_LEVEL = 0;
				GCC_PREPROCESSOR_DEFINITIONS = (
					"DEBUG=1",
					"$(inherited)",
				);
				GCC_WARN_64_TO_32_BIT_CONVERSION = YES;
				GCC_WARN_ABOUT_RETURN_TYPE = YES_ERROR;
				GCC_WARN_UNDECLARED_SELECTOR = YES;
				GCC_WARN_UNINITIALIZED_AUTOS = YES_AGGRESSIVE;
				GCC_WARN_UNUSED_FUNCTION = YES;
				GCC_WARN_UNUSED_VARIABLE = YES;
				IPHONEOS_DEPLOYMENT_TARGET = 13.2;
				MTL_ENABLE_DEBUG_INFO = INCLUDE_SOURCE;
				MTL_FAST_MATH = YES;
				ONLY_ACTIVE_ARCH = YES;
				SDKROOT = iphoneos;
				SWIFT_ACTIVE_COMPILATION_CONDITIONS = DEBUG;
				SWIFT_OPTIMIZATION_LEVEL = "-Onone";
			};
			name = Debug;
		};
		D35E54AB23DBD088006809BA /* Release */ = {
			isa = XCBuildConfiguration;
			buildSettings = {
				ALWAYS_SEARCH_USER_PATHS = NO;
				CLANG_ANALYZER_NONNULL = YES;
				CLANG_ANALYZER_NUMBER_OBJECT_CONVERSION = YES_AGGRESSIVE;
				CLANG_CXX_LANGUAGE_STANDARD = "gnu++14";
				CLANG_CXX_LIBRARY = "libc++";
				CLANG_ENABLE_MODULES = YES;
				CLANG_ENABLE_OBJC_ARC = YES;
				CLANG_ENABLE_OBJC_WEAK = YES;
				CLANG_WARN_BLOCK_CAPTURE_AUTORELEASING = YES;
				CLANG_WARN_BOOL_CONVERSION = YES;
				CLANG_WARN_COMMA = YES;
				CLANG_WARN_CONSTANT_CONVERSION = YES;
				CLANG_WARN_DEPRECATED_OBJC_IMPLEMENTATIONS = YES;
				CLANG_WARN_DIRECT_OBJC_ISA_USAGE = YES_ERROR;
				CLANG_WARN_DOCUMENTATION_COMMENTS = YES;
				CLANG_WARN_EMPTY_BODY = YES;
				CLANG_WARN_ENUM_CONVERSION = YES;
				CLANG_WARN_INFINITE_RECURSION = YES;
				CLANG_WARN_INT_CONVERSION = YES;
				CLANG_WARN_NON_LITERAL_NULL_CONVERSION = YES;
				CLANG_WARN_OBJC_IMPLICIT_RETAIN_SELF = YES;
				CLANG_WARN_OBJC_LITERAL_CONVERSION = YES;
				CLANG_WARN_OBJC_ROOT_CLASS = YES_ERROR;
				CLANG_WARN_RANGE_LOOP_ANALYSIS = YES;
				CLANG_WARN_STRICT_PROTOTYPES = YES;
				CLANG_WARN_SUSPICIOUS_MOVE = YES;
				CLANG_WARN_UNGUARDED_AVAILABILITY = YES_AGGRESSIVE;
				CLANG_WARN_UNREACHABLE_CODE = YES;
				CLANG_WARN__DUPLICATE_METHOD_MATCH = YES;
				COPY_PHASE_STRIP = NO;
				DEBUG_INFORMATION_FORMAT = "dwarf-with-dsym";
				ENABLE_NS_ASSERTIONS = NO;
				ENABLE_STRICT_OBJC_MSGSEND = YES;
				GCC_C_LANGUAGE_STANDARD = gnu11;
				GCC_NO_COMMON_BLOCKS = YES;
				GCC_WARN_64_TO_32_BIT_CONVERSION = YES;
				GCC_WARN_ABOUT_RETURN_TYPE = YES_ERROR;
				GCC_WARN_UNDECLARED_SELECTOR = YES;
				GCC_WARN_UNINITIALIZED_AUTOS = YES_AGGRESSIVE;
				GCC_WARN_UNUSED_FUNCTION = YES;
				GCC_WARN_UNUSED_VARIABLE = YES;
				IPHONEOS_DEPLOYMENT_TARGET = 13.2;
				MTL_ENABLE_DEBUG_INFO = NO;
				MTL_FAST_MATH = YES;
				SDKROOT = iphoneos;
				SWIFT_COMPILATION_MODE = wholemodule;
				SWIFT_OPTIMIZATION_LEVEL = "-O";
				VALIDATE_PRODUCT = YES;
			};
			name = Release;
		};
		D35E54AD23DBD088006809BA /* Debug */ = {
			isa = XCBuildConfiguration;
			baseConfigurationReference = E0337D7113E70485553B7B0B /* Pods-Res Project.debug.xcconfig */;
			buildSettings = {
				ASSETCATALOG_COMPILER_APPICON_NAME = AppIcon;
				CODE_SIGN_STYLE = Automatic;
				INFOPLIST_FILE = "Res Project/Info.plist";
				LD_RUNPATH_SEARCH_PATHS = (
					"$(inherited)",
					"@executable_path/Frameworks",
				);
				PRODUCT_BUNDLE_IDENTIFIER = "com.brianguo.Res-Project";
				PRODUCT_NAME = "$(TARGET_NAME)";
				SWIFT_VERSION = 5.0;
				TARGETED_DEVICE_FAMILY = "1,2";
			};
			name = Debug;
		};
		D35E54AE23DBD088006809BA /* Release */ = {
			isa = XCBuildConfiguration;
			baseConfigurationReference = 0FC33444EF5E3B4DFD264E99 /* Pods-Res Project.release.xcconfig */;
			buildSettings = {
				ASSETCATALOG_COMPILER_APPICON_NAME = AppIcon;
				CODE_SIGN_STYLE = Automatic;
				INFOPLIST_FILE = "Res Project/Info.plist";
				LD_RUNPATH_SEARCH_PATHS = (
					"$(inherited)",
					"@executable_path/Frameworks",
				);
				PRODUCT_BUNDLE_IDENTIFIER = "com.brianguo.Res-Project";
				PRODUCT_NAME = "$(TARGET_NAME)";
				SWIFT_VERSION = 5.0;
				TARGETED_DEVICE_FAMILY = "1,2";
			};
			name = Release;
		};
/* End XCBuildConfiguration section */

/* Begin XCConfigurationList section */
		D35E549323DBD081006809BA /* Build configuration list for PBXProject "Res Project" */ = {
			isa = XCConfigurationList;
			buildConfigurations = (
				D35E54AA23DBD088006809BA /* Debug */,
				D35E54AB23DBD088006809BA /* Release */,
			);
			defaultConfigurationIsVisible = 0;
			defaultConfigurationName = Release;
		};
		D35E54AC23DBD088006809BA /* Build configuration list for PBXNativeTarget "Res Project" */ = {
			isa = XCConfigurationList;
			buildConfigurations = (
				D35E54AD23DBD088006809BA /* Debug */,
				D35E54AE23DBD088006809BA /* Release */,
			);
			defaultConfigurationIsVisible = 0;
			defaultConfigurationName = Release;
		};
/* End XCConfigurationList section */
	};
	rootObject = D35E549023DBD081006809BA /* Project object */;
}
